
Microsoft Visual Studio Solution File, Format Version 12.00
# Visual Studio 15
VisualStudioVersion = 15.0.27130.2027
MinimumVisualStudioVersion = 10.0.40219.1
Project("{FAE04EC0-301F-11D3-BF4B-00C04F79EFBC}") = "Dashboard.net", "Dashboard.net\Dashboard.net.csproj", "{4CC954A9-A4EF-463B-904C-9BC4CDBE5220}"
EndProject
Project("{54435603-DBB4-11D2-8724-00A0C9A8B90C}") = "Dashboard Setup", "Dashboard Setup\Dashboard Setup.vdproj", "{9B34D143-3D10-48CA-8060-E624882C85F8}"
EndProject
Global
	GlobalSection(SolutionConfigurationPlatforms) = preSolution
		Debug|Any CPU = Debug|Any CPU
		Release|Any CPU = Release|Any CPU
	EndGlobalSection
	GlobalSection(ProjectConfigurationPlatforms) = postSolution
		{4CC954A9-A4EF-463B-904C-9BC4CDBE5220}.Debug|Any CPU.ActiveCfg = Debug|Any CPU
		{4CC954A9-A4EF-463B-904C-9BC4CDBE5220}.Debug|Any CPU.Build.0 = Debug|Any CPU
		{4CC954A9-A4EF-463B-904C-9BC4CDBE5220}.Release|Any CPU.ActiveCfg = Release|Any CPU
		{4CC954A9-A4EF-463B-904C-9BC4CDBE5220}.Release|Any CPU.Build.0 = Release|Any CPU
		{9B34D143-3D10-48CA-8060-E624882C85F8}.Debug|Any CPU.ActiveCfg = Debug
		{9B34D143-3D10-48CA-8060-E624882C85F8}.Release|Any CPU.ActiveCfg = Release
	EndGlobalSection
	GlobalSection(SolutionProperties) = preSolution
		HideSolutionNode = FALSE
	EndGlobalSection
	GlobalSection(ExtensibilityGlobals) = postSolution
		SolutionGuid = {8092AB21-63A7-4061-A239-7524F16B7715}
	EndGlobalSection
EndGlobal
